// !$*UTF8*$!
{
	archiveVersion = 1;
	classes = {
	};
	objectVersion = 77;
	objects = {

/* Begin PBXBuildFile section */
		9E7517152F690B6700E212A7 /* LocationHistoryConsumerAppSupport in Frameworks */ = {isa = PBXBuildFile; productRef = 9E7517142F690B6700E212A7 /* LocationHistoryConsumerAppSupport */; };
		9E7517172F690B6700E212A7 /* LocationHistoryConsumerDemoSupport in Frameworks */ = {isa = PBXBuildFile; productRef = 9E7517162F690B6700E212A7 /* LocationHistoryConsumerDemoSupport */; };
		9EBB00032F6C000100000003 /* LH2GPXWidget.appex in Embed Foundation Extensions */ = {isa = PBXBuildFile; fileRef = 9EBB00012F6C000100000001 /* LH2GPXWidget.appex */; settings = {ATTRIBUTES = (CodeSignOnCopy, RemoveHeadersOnCopy, ); }; };
		9ED6FB472F8B8F4000C3E5DE /* LocationHistoryConsumerAppSupport in Frameworks */ = {isa = PBXBuildFile; productRef = 9EBB000E2F6C00010000000E /* LocationHistoryConsumerAppSupport */; };
/* End PBXBuildFile section */

/* Begin PBXContainerItemProxy section */
		9E7516F72F69097200E212A7 /* PBXContainerItemProxy */ = {
			isa = PBXContainerItemProxy;
			containerPortal = 9E7516E12F69096F00E212A7 /* Project object */;
			proxyType = 1;
			remoteGlobalIDString = 9E7516E82F69096F00E212A7;
			remoteInfo = LH2GPXWrapper;
		};
		9E7517012F69097200E212A7 /* PBXContainerItemProxy */ = {
			isa = PBXContainerItemProxy;
			containerPortal = 9E7516E12F69096F00E212A7 /* Project object */;
			proxyType = 1;
			remoteGlobalIDString = 9E7516E82F69096F00E212A7;
			remoteInfo = LH2GPXWrapper;
		};
		9EBB00042F6C000100000004 /* PBXContainerItemProxy */ = {
			isa = PBXContainerItemProxy;
			containerPortal = 9E7516E12F69096F00E212A7 /* Project object */;
			proxyType = 1;
			remoteGlobalIDString = 9EBB00052F6C000100000005;
			remoteInfo = LH2GPXWidget;
		};
/* End PBXContainerItemProxy section */

/* Begin PBXCopyFilesBuildPhase section */
		9EBB00072F6C000100000007 /* Embed Foundation Extensions */ = {
			isa = PBXCopyFilesBuildPhase;
			buildActionMask = 2147483647;
			dstPath = "";
			dstSubfolderSpec = 13;
			files = (
				9EBB00032F6C000100000003 /* LH2GPXWidget.appex in Embed Foundation Extensions */,
			);
			name = "Embed Foundation Extensions";
			runOnlyForDeploymentPostprocessing = 0;
		};
/* End PBXCopyFilesBuildPhase section */

/* Begin PBXFileReference section */
		9E4CAAF42F6A325E002BFA73 /* LH2GPXWrapper.xctestplan */ = {isa = PBXFileReference; lastKnownFileType = text; path = LH2GPXWrapper.xctestplan; sourceTree = "<group>"; };
		9E7516E92F69096F00E212A7 /* LH2GPXWrapper.app */ = {isa = PBXFileReference; explicitFileType = wrapper.application; includeInIndex = 0; path = LH2GPXWrapper.app; sourceTree = BUILT_PRODUCTS_DIR; };
		9E7516F62F69097200E212A7 /* LH2GPXWrapperTests.xctest */ = {isa = PBXFileReference; explicitFileType = wrapper.cfbundle; includeInIndex = 0; path = LH2GPXWrapperTests.xctest; sourceTree = BUILT_PRODUCTS_DIR; };
		9E7517002F69097200E212A7 /* LH2GPXWrapperUITests.xctest */ = {isa = PBXFileReference; explicitFileType = wrapper.cfbundle; includeInIndex = 0; path = LH2GPXWrapperUITests.xctest; sourceTree = BUILT_PRODUCTS_DIR; };
		9EBB00012F6C000100000001 /* LH2GPXWidget.appex */ = {isa = PBXFileReference; explicitFileType = "wrapper.app-extension"; includeInIndex = 0; path = LH2GPXWidget.appex; sourceTree = BUILT_PRODUCTS_DIR; };
/* End PBXFileReference section */

/* Begin PBXFileSystemSynchronizedBuildFileExceptionSet section */
		9EBB00FF2F6C0001000000FF /* Exceptions for "LH2GPXWidget" folder in "LH2GPXWidget" target */ = {
			isa = PBXFileSystemSynchronizedBuildFileExceptionSet;
			membershipExceptions = (
				Info.plist,
			);
			target = 9EBB00052F6C000100000005 /* LH2GPXWidget */;
		};
/* End PBXFileSystemSynchronizedBuildFileExceptionSet section */

/* Begin PBXFileSystemSynchronizedRootGroup section */
		9E7516EB2F69096F00E212A7 /* LH2GPXWrapper */ = {
			isa = PBXFileSystemSynchronizedRootGroup;
			path = LH2GPXWrapper;
			sourceTree = "<group>";
		};
		9E7516F92F69097200E212A7 /* LH2GPXWrapperTests */ = {
			isa = PBXFileSystemSynchronizedRootGroup;
			path = LH2GPXWrapperTests;
			sourceTree = "<group>";
		};
		9E7517032F69097200E212A7 /* LH2GPXWrapperUITests */ = {
			isa = PBXFileSystemSynchronizedRootGroup;
			path = LH2GPXWrapperUITests;
			sourceTree = "<group>";
		};
		9EBB00022F6C000100000002 /* LH2GPXWidget */ = {
			isa = PBXFileSystemSynchronizedRootGroup;
			exceptions = (
				9EBB00FF2F6C0001000000FF /* Exceptions for "LH2GPXWidget" folder in "LH2GPXWidget" target */,
			);
			path = LH2GPXWidget;
			sourceTree = "<group>";
		};
/* End PBXFileSystemSynchronizedRootGroup section */

/* Begin PBXFrameworksBuildPhase section */
		9E7516E62F69096F00E212A7 /* Frameworks */ = {
			isa = PBXFrameworksBuildPhase;
			buildActionMask = 2147483647;
			files = (
				9E7517152F690B6700E212A7 /* LocationHistoryConsumerAppSupport in Frameworks */,
				9E7517172F690B6700E212A7 /* LocationHistoryConsumerDemoSupport in Frameworks */,
			);
			runOnlyForDeploymentPostprocessing = 0;
		};
		9E7516F32F69097200E212A7 /* Frameworks */ = {
			isa = PBXFrameworksBuildPhase;
			buildActionMask = 2147483647;
			files = (
			);
			runOnlyForDeploymentPostprocessing = 0;
		};
		9E7516FD2F69097200E212A7 /* Frameworks */ = {
			isa = PBXFrameworksBuildPhase;
			buildActionMask = 2147483647;
			files = (
			);
			runOnlyForDeploymentPostprocessing = 0;
		};
		9EBB00092F6C000100000009 /* Frameworks */ = {
			isa = PBXFrameworksBuildPhase;
			buildActionMask = 2147483647;
			files = (
				9ED6FB472F8B8F4000C3E5DE /* LocationHistoryConsumerAppSupport in Frameworks */,
			);
			runOnlyForDeploymentPostprocessing = 0;
		};
/* End PBXFrameworksBuildPhase section */

/* Begin PBXGroup section */
		9E7516E02F69096F00E212A7 = {
			isa = PBXGroup;
			children = (
				9E4CAAF42F6A325E002BFA73 /* LH2GPXWrapper.xctestplan */,
				9E7516EB2F69096F00E212A7 /* LH2GPXWrapper */,
				9EBB00022F6C000100000002 /* LH2GPXWidget */,
				9E7516F92F69097200E212A7 /* LH2GPXWrapperTests */,
				9E7517032F69097200E212A7 /* LH2GPXWrapperUITests */,
				9E7516EA2F69096F00E212A7 /* Products */,
			);
			sourceTree = "<group>";
		};
		9E7516EA2F69096F00E212A7 /* Products */ = {
			isa = PBXGroup;
			children = (
				9E7516E92F69096F00E212A7 /* LH2GPXWrapper.app */,
				9E7516F62F69097200E212A7 /* LH2GPXWrapperTests.xctest */,
				9E7517002F69097200E212A7 /* LH2GPXWrapperUITests.xctest */,
				9EBB00012F6C000100000001 /* LH2GPXWidget.appex */,
			);
			name = Products;
			sourceTree = "<group>";
		};
/* End PBXGroup section */

/* Begin PBXNativeTarget section */
		9E7516E82F69096F00E212A7 /* LH2GPXWrapper */ = {
			isa = PBXNativeTarget;
			buildConfigurationList = 9E75170A2F69097200E212A7 /* Build configuration list for PBXNativeTarget "LH2GPXWrapper" */;
			buildPhases = (
				9E7516E52F69096F00E212A7 /* Sources */,
				9E7516E62F69096F00E212A7 /* Frameworks */,
				9E7516E72F69096F00E212A7 /* Resources */,
				9EBB00072F6C000100000007 /* Embed Foundation Extensions */,
			);
			buildRules = (
			);
			dependencies = (
				9EBB00062F6C000100000006 /* PBXTargetDependency */,
			);
			fileSystemSynchronizedGroups = (
				9E7516EB2F69096F00E212A7 /* LH2GPXWrapper */,
			);
			name = LH2GPXWrapper;
			packageProductDependencies = (
				9E7517142F690B6700E212A7 /* LocationHistoryConsumerAppSupport */,
				9E7517162F690B6700E212A7 /* LocationHistoryConsumerDemoSupport */,
			);
			productName = LH2GPXWrapper;
			productReference = 9E7516E92F69096F00E212A7 /* LH2GPXWrapper.app */;
			productType = "com.apple.product-type.application";
		};
		9E7516F52F69097200E212A7 /* LH2GPXWrapperTests */ = {
			isa = PBXNativeTarget;
			buildConfigurationList = 9E75170D2F69097200E212A7 /* Build configuration list for PBXNativeTarget "LH2GPXWrapperTests" */;
			buildPhases = (
				9E7516F22F69097200E212A7 /* Sources */,
				9E7516F32F69097200E212A7 /* Frameworks */,
				9E7516F42F69097200E212A7 /* Resources */,
			);
			buildRules = (
			);
			dependencies = (
				9E7516F82F69097200E212A7 /* PBXTargetDependency */,
			);
			fileSystemSynchronizedGroups = (
				9E7516F92F69097200E212A7 /* LH2GPXWrapperTests */,
			);
			name = LH2GPXWrapperTests;
			packageProductDependencies = (
			);
			productName = LH2GPXWrapperTests;
			productReference = 9E7516F62F69097200E212A7 /* LH2GPXWrapperTests.xctest */;
			productType = "com.apple.product-type.bundle.unit-test";
		};
		9E7516FF2F69097200E212A7 /* LH2GPXWrapperUITests */ = {
			isa = PBXNativeTarget;
			buildConfigurationList = 9E7517102F69097200E212A7 /* Build configuration list for PBXNativeTarget "LH2GPXWrapperUITests" */;
			buildPhases = (
				9E7516FC2F69097200E212A7 /* Sources */,
				9E7516FD2F69097200E212A7 /* Frameworks */,
				9E7516FE2F69097200E212A7 /* Resources */,
			);
			buildRules = (
			);
			dependencies = (
				9E7517022F69097200E212A7 /* PBXTargetDependency */,
			);
			fileSystemSynchronizedGroups = (
				9E7517032F69097200E212A7 /* LH2GPXWrapperUITests */,
			);
			name = LH2GPXWrapperUITests;
			packageProductDependencies = (
			);
			productName = LH2GPXWrapperUITests;
			productReference = 9E7517002F69097200E212A7 /* LH2GPXWrapperUITests.xctest */;
			productType = "com.apple.product-type.bundle.ui-testing";
		};
		9EBB00052F6C000100000005 /* LH2GPXWidget */ = {
			isa = PBXNativeTarget;
			buildConfigurationList = 9EBB000B2F6C00010000000B /* Build configuration list for PBXNativeTarget "LH2GPXWidget" */;
			buildPhases = (
				9EBB00082F6C000100000008 /* Sources */,
				9EBB00092F6C000100000009 /* Frameworks */,
				9EBB000A2F6C00010000000A /* Resources */,
			);
			buildRules = (
			);
			dependencies = (
			);
			fileSystemSynchronizedGroups = (
				9EBB00022F6C000100000002 /* LH2GPXWidget */,
			);
			name = LH2GPXWidget;
			packageProductDependencies = (
				9EBB000E2F6C00010000000E /* LocationHistoryConsumerAppSupport */,
			);
			productName = LH2GPXWidget;
			productReference = 9EBB00012F6C000100000001 /* LH2GPXWidget.appex */;
			productType = "com.apple.product-type.app-extension";
		};
/* End PBXNativeTarget section */

/* Begin PBXProject section */
		9E7516E12F69096F00E212A7 /* Project object */ = {
			isa = PBXProject;
			attributes = {
				BuildIndependentTargetsInParallel = 1;
				LastSwiftUpdateCheck = 2630;
				LastUpgradeCheck = 2630;
				TargetAttributes = {
					9E7516E82F69096F00E212A7 = {
						CreatedOnToolsVersion = 26.3;
						SystemCapabilities = {
							com.apple.ApplicationGroups = {
								enabled = 1;
							};
							com.apple.BackgroundModes = {
								enabled = 1;
							};
						};
					};
					9E7516F52F69097200E212A7 = {
						CreatedOnToolsVersion = 26.3;
						TestTargetID = 9E7516E82F69096F00E212A7;
					};
					9E7516FF2F69097200E212A7 = {
						CreatedOnToolsVersion = 26.3;
						TestTargetID = 9E7516E82F69096F00E212A7;
					};
					9EBB00052F6C000100000005 = {
						CreatedOnToolsVersion = 26.3;
						SystemCapabilities = {
							com.apple.ApplicationGroups = {
								enabled = 1;
							};
						};
					};
				};
			};
			buildConfigurationList = 9E7516E42F69096F00E212A7 /* Build configuration list for PBXProject "LH2GPXWrapper" */;
			developmentRegion = en;
			hasScannedForEncodings = 0;
			knownRegions = (
				en,
				Base,
			);
			mainGroup = 9E7516E02F69096F00E212A7;
			minimizedProjectReferenceProxies = 1;
			packageReferences = (
				9E7517132F690B6700E212A7 /* XCLocalSwiftPackageReference ".." */,
			);
			preferredProjectObjectVersion = 77;
			productRefGroup = 9E7516EA2F69096F00E212A7 /* Products */;
			projectDirPath = "";
			projectRoot = "";
			targets = (
				9E7516E82F69096F00E212A7 /* LH2GPXWrapper */,
				9E7516F52F69097200E212A7 /* LH2GPXWrapperTests */,
				9E7516FF2F69097200E212A7 /* LH2GPXWrapperUITests */,
				9EBB00052F6C000100000005 /* LH2GPXWidget */,
			);
		};
/* End PBXProject section */

/* Begin PBXResourcesBuildPhase section */
		9E7516E72F69096F00E212A7 /* Resources */ = {
			isa = PBXResourcesBuildPhase;
			buildActionMask = 2147483647;
			files = (
			);
			runOnlyForDeploymentPostprocessing = 0;
		};
		9E7516F42F69097200E212A7 /* Resources */ = {
			isa = PBXResourcesBuildPhase;
			buildActionMask = 2147483647;
			files = (
			);
			runOnlyForDeploymentPostprocessing = 0;
		};
		9E7516FE2F69097200E212A7 /* Resources */ = {
			isa = PBXResourcesBuildPhase;
			buildActionMask = 2147483647;
			files = (
			);
			runOnlyForDeploymentPostprocessing = 0;
		};
		9EBB000A2F6C00010000000A /* Resources */ = {
			isa = PBXResourcesBuildPhase;
			buildActionMask = 2147483647;
			files = (
			);
			runOnlyForDeploymentPostprocessing = 0;
		};
/* End PBXResourcesBuildPhase section */

/* Begin PBXSourcesBuildPhase section */
		9E7516E52F69096F00E212A7 /* Sources */ = {
			isa = PBXSourcesBuildPhase;
			buildActionMask = 2147483647;
			files = (
			);
			runOnlyForDeploymentPostprocessing = 0;
		};
		9E7516F22F69097200E212A7 /* Sources */ = {
			isa = PBXSourcesBuildPhase;
			buildActionMask = 2147483647;
			files = (
			);
			runOnlyForDeploymentPostprocessing = 0;
		};
		9E7516FC2F69097200E212A7 /* Sources */ = {
			isa = PBXSourcesBuildPhase;
			buildActionMask = 2147483647;
			files = (
			);
			runOnlyForDeploymentPostprocessing = 0;
		};
		9EBB00082F6C000100000008 /* Sources */ = {
			isa = PBXSourcesBuildPhase;
			buildActionMask = 2147483647;
			files = (
			);
			runOnlyForDeploymentPostprocessing = 0;
		};
/* End PBXSourcesBuildPhase section */

/* Begin PBXTargetDependency section */
		9E7516F82F69097200E212A7 /* PBXTargetDependency */ = {
			isa = PBXTargetDependency;
			target = 9E7516E82F69096F00E212A7 /* LH2GPXWrapper */;
			targetProxy = 9E7516F72F69097200E212A7 /* PBXContainerItemProxy */;
		};
		9E7517022F69097200E212A7 /* PBXTargetDependency */ = {
			isa = PBXTargetDependency;
			target = 9E7516E82F69096F00E212A7 /* LH2GPXWrapper */;
			targetProxy = 9E7517012F69097200E212A7 /* PBXContainerItemProxy */;
		};
		9EBB00062F6C000100000006 /* PBXTargetDependency */ = {
			isa = PBXTargetDependency;
			target = 9EBB00052F6C000100000005 /* LH2GPXWidget */;
			targetProxy = 9EBB00042F6C000100000004 /* PBXContainerItemProxy */;
		};
/* End PBXTargetDependency section */

/* Begin XCBuildConfiguration section */
		9E7517082F69097200E212A7 /* Debug */ = {
			isa = XCBuildConfiguration;
			buildSettings = {
				ALWAYS_SEARCH_USER_PATHS = NO;
				ASSETCATALOG_COMPILER_GENERATE_SWIFT_ASSET_SYMBOL_EXTENSIONS = YES;
				CLANG_ANALYZER_NONNULL = YES;
				CLANG_ANALYZER_NUMBER_OBJECT_CONVERSION = YES_AGGRESSIVE;
				CLANG_CXX_LANGUAGE_STANDARD = "gnu++20";
				CLANG_ENABLE_MODULES = YES;
				CLANG_ENABLE_OBJC_ARC = YES;
				CLANG_ENABLE_OBJC_WEAK = YES;
				CLANG_WARN_BLOCK_CAPTURE_AUTORELEASING = YES;
				CLANG_WARN_BOOL_CONVERSION = YES;
				CLANG_WARN_COMMA = YES;
				CLANG_WARN_CONSTANT_CONVERSION = YES;
				CLANG_WARN_DEPRECATED_OBJC_IMPLEMENTATIONS = YES;
				CLANG_WARN_DIRECT_OBJC_ISA_USAGE = YES_ERROR;
				CLANG_WARN_DOCUMENTATION_COMMENTS = YES;
				CLANG_WARN_EMPTY_BODY = YES;
				CLANG_WARN_ENUM_CONVERSION = YES;
				CLANG_WARN_INFINITE_RECURSION = YES;
				CLANG_WARN_INT_CONVERSION = YES;
				CLANG_WARN_NON_LITERAL_NULL_CONVERSION = YES;
				CLANG_WARN_OBJC_IMPLICIT_RETAIN_SELF = YES;
				CLANG_WARN_OBJC_LITERAL_CONVERSION = YES;
				CLANG_WARN_OBJC_ROOT_CLASS = YES_ERROR;
				CLANG_WARN_QUOTED_INCLUDE_IN_FRAMEWORK_HEADER = YES;
				CLANG_WARN_RANGE_LOOP_ANALYSIS = YES;
				CLANG_WARN_STRICT_PROTOTYPES = YES;
				CLANG_WARN_SUSPICIOUS_MOVE = YES;
				CLANG_WARN_UNGUARDED_AVAILABILITY = YES_AGGRESSIVE;
				CLANG_WARN_UNREACHABLE_CODE = YES;
				CLANG_WARN__DUPLICATE_METHOD_MATCH = YES;
				COPY_PHASE_STRIP = NO;
				DEBUG_INFORMATION_FORMAT = dwarf;
				DEVELOPMENT_TEAM = XAGR3K7XDJ;
				ENABLE_STRICT_OBJC_MSGSEND = YES;
				ENABLE_TESTABILITY = YES;
				ENABLE_USER_SCRIPT_SANDBOXING = YES;
				GCC_C_LANGUAGE_STANDARD = gnu17;
				GCC_DYNAMIC_NO_PIC = NO;
				GCC_NO_COMMON_BLOCKS = YES;
				GCC_OPTIMIZATION_LEVEL = 0;
				GCC_PREPROCESSOR_DEFINITIONS = (
					"DEBUG=1",
					"$(inherited)",
				);
				GCC_WARN_64_TO_32_BIT_CONVERSION = YES;
				GCC_WARN_ABOUT_RETURN_TYPE = YES_ERROR;
				GCC_WARN_UNDECLARED_SELECTOR = YES;
				GCC_WARN_UNINITIALIZED_AUTOS = YES_AGGRESSIVE;
				GCC_WARN_UNUSED_FUNCTION = YES;
				GCC_WARN_UNUSED_VARIABLE = YES;
				IPHONEOS_DEPLOYMENT_TARGET = 16.0;
				LOCALIZATION_PREFERS_STRING_CATALOGS = YES;
				MTL_ENABLE_DEBUG_INFO = INCLUDE_SOURCE;
				MTL_FAST_MATH = YES;
				ONLY_ACTIVE_ARCH = YES;
				SDKROOT = iphoneos;
				SWIFT_ACTIVE_COMPILATION_CONDITIONS = "DEBUG $(inherited)";
				SWIFT_OPTIMIZATION_LEVEL = "-Onone";
			};
			name = Debug;
		};
		9E7517092F69097200E212A7 /* Release */ = {
			isa = XCBuildConfiguration;
			buildSettings = {
				ALWAYS_SEARCH_USER_PATHS = NO;
				ASSETCATALOG_COMPILER_GENERATE_SWIFT_ASSET_SYMBOL_EXTENSIONS = YES;
				CLANG_ANALYZER_NONNULL = YES;
				CLANG_ANALYZER_NUMBER_OBJECT_CONVERSION = YES_AGGRESSIVE;
				CLANG_CXX_LANGUAGE_STANDARD = "gnu++20";
				CLANG_ENABLE_MODULES = YES;
				CLANG_ENABLE_OBJC_ARC = YES;
				CLANG_ENABLE_OBJC_WEAK = YES;
				CLANG_WARN_BLOCK_CAPTURE_AUTORELEASING = YES;
				CLANG_WARN_BOOL_CONVERSION = YES;
				CLANG_WARN_COMMA = YES;
				CLANG_WARN_CONSTANT_CONVERSION = YES;
				CLANG_WARN_DEPRECATED_OBJC_IMPLEMENTATIONS = YES;
				CLANG_WARN_DIRECT_OBJC_ISA_USAGE = YES_ERROR;
				CLANG_WARN_DOCUMENTATION_COMMENTS = YES;
				CLANG_WARN_EMPTY_BODY = YES;
				CLANG_WARN_ENUM_CONVERSION = YES;
				CLANG_WARN_INFINITE_RECURSION = YES;
				CLANG_WARN_INT_CONVERSION = YES;
				CLANG_WARN_NON_LITERAL_NULL_CONVERSION = YES;
				CLANG_WARN_OBJC_IMPLICIT_RETAIN_SELF = YES;
				CLANG_WARN_OBJC_LITERAL_CONVERSION = YES;
				CLANG_WARN_OBJC_ROOT_CLASS = YES_ERROR;
				CLANG_WARN_QUOTED_INCLUDE_IN_FRAMEWORK_HEADER = YES;
				CLANG_WARN_RANGE_LOOP_ANALYSIS = YES;
				CLANG_WARN_STRICT_PROTOTYPES = YES;
				CLANG_WARN_SUSPICIOUS_MOVE = YES;
				CLANG_WARN_UNGUARDED_AVAILABILITY = YES_AGGRESSIVE;
				CLANG_WARN_UNREACHABLE_CODE = YES;
				CLANG_WARN__DUPLICATE_METHOD_MATCH = YES;
				COPY_PHASE_STRIP = NO;
				DEBUG_INFORMATION_FORMAT = "dwarf-with-dsym";
				DEVELOPMENT_TEAM = XAGR3K7XDJ;
				ENABLE_NS_ASSERTIONS = NO;
				ENABLE_STRICT_OBJC_MSGSEND = YES;
				ENABLE_USER_SCRIPT_SANDBOXING = YES;
				GCC_C_LANGUAGE_STANDARD = gnu17;
				GCC_NO_COMMON_BLOCKS = YES;
				GCC_WARN_64_TO_32_BIT_CONVERSION = YES;
				GCC_WARN_ABOUT_RETURN_TYPE = YES_ERROR;
				GCC_WARN_UNDECLARED_SELECTOR = YES;
				GCC_WARN_UNINITIALIZED_AUTOS = YES_AGGRESSIVE;
				GCC_WARN_UNUSED_FUNCTION = YES;
				GCC_WARN_UNUSED_VARIABLE = YES;
				IPHONEOS_DEPLOYMENT_TARGET = 16.0;
				LOCALIZATION_PREFERS_STRING_CATALOGS = YES;
				MTL_ENABLE_DEBUG_INFO = NO;
				MTL_FAST_MATH = YES;
				SDKROOT = iphoneos;
				SWIFT_COMPILATION_MODE = wholemodule;
				VALIDATE_PRODUCT = YES;
			};
			name = Release;
		};
		9E75170B2F69097200E212A7 /* Debug */ = {
			isa = XCBuildConfiguration;
			buildSettings = {
					ASSETCATALOG_COMPILER_APPICON_NAME = AppIcon;
					ASSETCATALOG_COMPILER_GLOBAL_ACCENT_COLOR_NAME = AccentColor;
					CODE_SIGN_ENTITLEMENTS = LH2GPXWrapper/LH2GPXWrapper.entitlements;
					CODE_SIGN_STYLE = Automatic;
				CURRENT_PROJECT_VERSION = 45;
				DEVELOPMENT_TEAM = XAGR3K7XDJ;
				ENABLE_PREVIEWS = YES;
				GENERATE_INFOPLIST_FILE = NO;
				INFOPLIST_FILE = Config/Info.plist;
				INFOPLIST_KEY_CFBundleDisplayName = LH2GPX;
				INFOPLIST_KEY_NSLocationAlwaysAndWhenInUseUsageDescription = "Your location is used only inside LH2GPX to continue a live track you started manually, even when the app is no longer in the foreground.";
				INFOPLIST_KEY_NSLocationWhenInUseUsageDescription = "Your location is used only inside LH2GPX to show your position on the map and to record live tracks you start manually.";
				INFOPLIST_KEY_UIApplicationSceneManifest_Generation = YES;
				INFOPLIST_KEY_UIApplicationSupportsIndirectInputEvents = YES;
				INFOPLIST_KEY_UIBackgroundModes = location;
				INFOPLIST_KEY_UILaunchScreen_Generation = YES;
				INFOPLIST_KEY_UISupportedInterfaceOrientations_iPad = "UIInterfaceOrientationPortrait UIInterfaceOrientationPortraitUpsideDown UIInterfaceOrientationLandscapeLeft UIInterfaceOrientationLandscapeRight";
				INFOPLIST_KEY_UISupportedInterfaceOrientations_iPhone = "UIInterfaceOrientationPortrait UIInterfaceOrientationLandscapeLeft UIInterfaceOrientationLandscapeRight";
				LD_RUNPATH_SEARCH_PATHS = (
					"$(inherited)",
					"@executable_path/Frameworks",
				);
				MARKETING_VERSION = 1.0.1;
				PRODUCT_BUNDLE_IDENTIFIER = de.roeber.LH2GPXWrapper;
				PRODUCT_NAME = "$(TARGET_NAME)";
				STRING_CATALOG_GENERATE_SYMBOLS = YES;
				SWIFT_APPROACHABLE_CONCURRENCY = YES;
				SWIFT_DEFAULT_ACTOR_ISOLATION = MainActor;
				SWIFT_EMIT_LOC_STRINGS = YES;
				SWIFT_UPCOMING_FEATURE_MEMBER_IMPORT_VISIBILITY = YES;
				SUPPORTS_MAC_DESIGNED_FOR_IPHONE_IPAD = NO;
				SUPPORTS_XR_DESIGNED_FOR_IPHONE_IPAD = NO;
				SWIFT_VERSION = 5.0;
				TARGETED_DEVICE_FAMILY = 1;
			};
			name = Debug;
		};
		9E75170C2F69097200E212A7 /* Release */ = {
			isa = XCBuildConfiguration;
			buildSettings = {
					ASSETCATALOG_COMPILER_APPICON_NAME = AppIcon;
					ASSETCATALOG_COMPILER_GLOBAL_ACCENT_COLOR_NAME = AccentColor;
					CODE_SIGN_ENTITLEMENTS = LH2GPXWrapper/LH2GPXWrapper.entitlements;
					CODE_SIGN_STYLE = Automatic;
				CURRENT_PROJECT_VERSION = 45;
				DEVELOPMENT_TEAM = XAGR3K7XDJ;
				ENABLE_PREVIEWS = YES;
				GENERATE_INFOPLIST_FILE = NO;
				INFOPLIST_FILE = Config/Info.plist;
				INFOPLIST_KEY_CFBundleDisplayName = LH2GPX;
				INFOPLIST_KEY_NSLocationAlwaysAndWhenInUseUsageDescription = "Your location is used only inside LH2GPX to continue a live track you started manually, even when the app is no longer in the foreground.";
				INFOPLIST_KEY_NSLocationWhenInUseUsageDescription = "Your location is used only inside LH2GPX to show your position on the map and to record live tracks you start manually.";
				INFOPLIST_KEY_UIApplicationSceneManifest_Generation = YES;
				INFOPLIST_KEY_UIApplicationSupportsIndirectInputEvents = YES;
				INFOPLIST_KEY_UIBackgroundModes = location;
				INFOPLIST_KEY_UILaunchScreen_Generation = YES;
				INFOPLIST_KEY_UISupportedInterfaceOrientations_iPad = "UIInterfaceOrientationPortrait UIInterfaceOrientationPortraitUpsideDown UIInterfaceOrientationLandscapeLeft UIInterfaceOrientationLandscapeRight";
				INFOPLIST_KEY_UISupportedInterfaceOrientations_iPhone = "UIInterfaceOrientationPortrait UIInterfaceOrientationLandscapeLeft UIInterfaceOrientationLandscapeRight";
				LD_RUNPATH_SEARCH_PATHS = (
					"$(inherited)",
					"@executable_path/Frameworks",
				);
				MARKETING_VERSION = 1.0.1;
				PRODUCT_BUNDLE_IDENTIFIER = de.roeber.LH2GPXWrapper;
				PRODUCT_NAME = "$(TARGET_NAME)";
				STRING_CATALOG_GENERATE_SYMBOLS = YES;
				SWIFT_APPROACHABLE_CONCURRENCY = YES;
				SWIFT_DEFAULT_ACTOR_ISOLATION = MainActor;
				SWIFT_EMIT_LOC_STRINGS = YES;
				SWIFT_UPCOMING_FEATURE_MEMBER_IMPORT_VISIBILITY = YES;
				SUPPORTS_MAC_DESIGNED_FOR_IPHONE_IPAD = NO;
				SUPPORTS_XR_DESIGNED_FOR_IPHONE_IPAD = NO;
				SWIFT_VERSION = 5.0;
				TARGETED_DEVICE_FAMILY = 1;
			};
			name = Release;
		};
		9E75170E2F69097200E212A7 /* Debug */ = {
			isa = XCBuildConfiguration;
			buildSettings = {
				BUNDLE_LOADER = "$(TEST_HOST)";
				CODE_SIGN_STYLE = Automatic;
				CURRENT_PROJECT_VERSION = 45;
				DEVELOPMENT_TEAM = XAGR3K7XDJ;
				GENERATE_INFOPLIST_FILE = YES;
				IPHONEOS_DEPLOYMENT_TARGET = 16.0;
				MARKETING_VERSION = 1.0.1;
				PRODUCT_BUNDLE_IDENTIFIER = de.roeber.LH2GPXWrapperTests;
				PRODUCT_NAME = "$(TARGET_NAME)";
				STRING_CATALOG_GENERATE_SYMBOLS = NO;
				SWIFT_APPROACHABLE_CONCURRENCY = YES;
				SWIFT_EMIT_LOC_STRINGS = NO;
				SWIFT_UPCOMING_FEATURE_MEMBER_IMPORT_VISIBILITY = YES;
				SWIFT_VERSION = 5.0;
				TARGETED_DEVICE_FAMILY = 1;
				TEST_HOST = "$(BUILT_PRODUCTS_DIR)/LH2GPXWrapper.app/$(BUNDLE_EXECUTABLE_FOLDER_PATH)/LH2GPXWrapper";
			};
			name = Debug;
		};
		9E75170F2F69097200E212A7 /* Release */ = {
			isa = XCBuildConfiguration;
			buildSettings = {
				BUNDLE_LOADER = "$(TEST_HOST)";
				CODE_SIGN_STYLE = Automatic;
				CURRENT_PROJECT_VERSION = 45;
				DEVELOPMENT_TEAM = XAGR3K7XDJ;
				GENERATE_INFOPLIST_FILE = YES;
				IPHONEOS_DEPLOYMENT_TARGET = 16.0;
				MARKETING_VERSION = 1.0.1;
				PRODUCT_BUNDLE_IDENTIFIER = de.roeber.LH2GPXWrapperTests;
				PRODUCT_NAME = "$(TARGET_NAME)";
				STRING_CATALOG_GENERATE_SYMBOLS = NO;
				SWIFT_APPROACHABLE_CONCURRENCY = YES;
				SWIFT_EMIT_LOC_STRINGS = NO;
				SWIFT_UPCOMING_FEATURE_MEMBER_IMPORT_VISIBILITY = YES;
				SWIFT_VERSION = 5.0;
				TARGETED_DEVICE_FAMILY = 1;
				TEST_HOST = "$(BUILT_PRODUCTS_DIR)/LH2GPXWrapper.app/$(BUNDLE_EXECUTABLE_FOLDER_PATH)/LH2GPXWrapper";
			};
			name = Release;
		};
		9E7517112F69097200E212A7 /* Debug */ = {
			isa = XCBuildConfiguration;
			buildSettings = {
				CODE_SIGN_STYLE = Automatic;
				CURRENT_PROJECT_VERSION = 45;
				DEVELOPMENT_TEAM = XAGR3K7XDJ;
				GENERATE_INFOPLIST_FILE = YES;
				MARKETING_VERSION = 1.0.1;
				PRODUCT_BUNDLE_IDENTIFIER = de.roeber.LH2GPXWrapper.UITests;
				PRODUCT_NAME = "$(TARGET_NAME)";
				STRING_CATALOG_GENERATE_SYMBOLS = NO;
				SWIFT_APPROACHABLE_CONCURRENCY = YES;
				SWIFT_EMIT_LOC_STRINGS = NO;
				SWIFT_UPCOMING_FEATURE_MEMBER_IMPORT_VISIBILITY = YES;
				SWIFT_VERSION = 5.0;
				TARGETED_DEVICE_FAMILY = 1;
				TEST_TARGET_NAME = LH2GPXWrapper;
			};
			name = Debug;
		};
		9E7517122F69097200E212A7 /* Release */ = {
			isa = XCBuildConfiguration;
			buildSettings = {
				CODE_SIGN_STYLE = Automatic;
				CURRENT_PROJECT_VERSION = 45;
				DEVELOPMENT_TEAM = XAGR3K7XDJ;
				GENERATE_INFOPLIST_FILE = YES;
				MARKETING_VERSION = 1.0.1;
				PRODUCT_BUNDLE_IDENTIFIER = de.roeber.LH2GPXWrapper.UITests;
				PRODUCT_NAME = "$(TARGET_NAME)";
				STRING_CATALOG_GENERATE_SYMBOLS = NO;
				SWIFT_APPROACHABLE_CONCURRENCY = YES;
				SWIFT_EMIT_LOC_STRINGS = NO;
				SWIFT_UPCOMING_FEATURE_MEMBER_IMPORT_VISIBILITY = YES;
				SWIFT_VERSION = 5.0;
				TARGETED_DEVICE_FAMILY = 1;
				TEST_TARGET_NAME = LH2GPXWrapper;
			};
			name = Release;
		};
		9EBB000C2F6C00010000000C /* Debug */ = {
			isa = XCBuildConfiguration;
			buildSettings = {
					CODE_SIGN_ENTITLEMENTS = LH2GPXWidget/LH2GPXWidget.entitlements;
					CODE_SIGN_STYLE = Automatic;
				CURRENT_PROJECT_VERSION = 45;
				DEVELOPMENT_TEAM = XAGR3K7XDJ;
				GENERATE_INFOPLIST_FILE = NO;
				INFOPLIST_FILE = LH2GPXWidget/Info.plist;
				IPHONEOS_DEPLOYMENT_TARGET = 16.2;
				MARKETING_VERSION = 1.0.1;
				PRODUCT_BUNDLE_IDENTIFIER = de.roeber.LH2GPXWrapper.Widget;
				PRODUCT_NAME = "$(TARGET_NAME)";
				SKIP_INSTALL = YES;
				SWIFT_APPROACHABLE_CONCURRENCY = YES;
				SWIFT_DEFAULT_ACTOR_ISOLATION = MainActor;
				SWIFT_EMIT_LOC_STRINGS = YES;
				SWIFT_UPCOMING_FEATURE_MEMBER_IMPORT_VISIBILITY = YES;
				SWIFT_VERSION = 5.0;
				TARGETED_DEVICE_FAMILY = 1;
			};
			name = Debug;
		};
		9EBB000D2F6C00010000000D /* Release */ = {
			isa = XCBuildConfiguration;
					buildSettings = {
						CODE_SIGN_ENTITLEMENTS = LH2GPXWidget/LH2GPXWidget.entitlements;
						CODE_SIGN_STYLE = Automatic;
				CURRENT_PROJECT_VERSION = 45;
				DEVELOPMENT_TEAM = XAGR3K7XDJ;
				GENERATE_INFOPLIST_FILE = NO;
				INFOPLIST_FILE = LH2GPXWidget/Info.plist;
				IPHONEOS_DEPLOYMENT_TARGET = 16.2;
				MARKETING_VERSION = 1.0.1;
				PRODUCT_BUNDLE_IDENTIFIER = de.roeber.LH2GPXWrapper.Widget;
				PRODUCT_NAME = "$(TARGET_NAME)";
				SKIP_INSTALL = YES;
				SWIFT_APPROACHABLE_CONCURRENCY = YES;
				SWIFT_DEFAULT_ACTOR_ISOLATION = MainActor;
				SWIFT_EMIT_LOC_STRINGS = YES;
				SWIFT_UPCOMING_FEATURE_MEMBER_IMPORT_VISIBILITY = YES;
				SWIFT_VERSION = 5.0;
				TARGETED_DEVICE_FAMILY = 1;
			};
			name = Release;
		};
/* End XCBuildConfiguration section */

/* Begin XCConfigurationList section */
		9E7516E42F69096F00E212A7 /* Build configuration list for PBXProject "LH2GPXWrapper" */ = {
			isa = XCConfigurationList;
			buildConfigurations = (
				9E7517082F69097200E212A7 /* Debug */,
				9E7517092F69097200E212A7 /* Release */,
			);
			defaultConfigurationIsVisible = 0;
			defaultConfigurationName = Release;
		};
		9E75170A2F69097200E212A7 /* Build configuration list for PBXNativeTarget "LH2GPXWrapper" */ = {
			isa = XCConfigurationList;
			buildConfigurations = (
				9E75170B2F69097200E212A7 /* Debug */,
				9E75170C2F69097200E212A7 /* Release */,
			);
			defaultConfigurationIsVisible = 0;
			defaultConfigurationName = Release;
		};
		9E75170D2F69097200E212A7 /* Build configuration list for PBXNativeTarget "LH2GPXWrapperTests" */ = {
			isa = XCConfigurationList;
			buildConfigurations = (
				9E75170E2F69097200E212A7 /* Debug */,
				9E75170F2F69097200E212A7 /* Release */,
			);
			defaultConfigurationIsVisible = 0;
			defaultConfigurationName = Release;
		};
		9E7517102F69097200E212A7 /* Build configuration list for PBXNativeTarget "LH2GPXWrapperUITests" */ = {
			isa = XCConfigurationList;
			buildConfigurations = (
				9E7517112F69097200E212A7 /* Debug */,
				9E7517122F69097200E212A7 /* Release */,
			);
			defaultConfigurationIsVisible = 0;
			defaultConfigurationName = Release;
		};
		9EBB000B2F6C00010000000B /* Build configuration list for PBXNativeTarget "LH2GPXWidget" */ = {
			isa = XCConfigurationList;
			buildConfigurations = (
				9EBB000C2F6C00010000000C /* Debug */,
				9EBB000D2F6C00010000000D /* Release */,
			);
			defaultConfigurationIsVisible = 0;
			defaultConfigurationName = Release;
		};
/* End XCConfigurationList section */

/* Begin XCLocalSwiftPackageReference section */
		9E7517132F690B6700E212A7 /* XCLocalSwiftPackageReference ".." */ = {
			isa = XCLocalSwiftPackageReference;
			relativePath = ..;
		};
/* End XCLocalSwiftPackageReference section */

/* Begin XCSwiftPackageProductDependency section */
		9E7517142F690B6700E212A7 /* LocationHistoryConsumerAppSupport */ = {
			isa = XCSwiftPackageProductDependency;
			productName = LocationHistoryConsumerAppSupport;
		};
		9E7517162F690B6700E212A7 /* LocationHistoryConsumerDemoSupport */ = {
			isa = XCSwiftPackageProductDependency;
			productName = LocationHistoryConsumerDemoSupport;
		};
		9EBB000E2F6C00010000000E /* LocationHistoryConsumerAppSupport */ = {
			isa = XCSwiftPackageProductDependency;
			package = 9E7517132F690B6700E212A7 /* XCLocalSwiftPackageReference ".." */;
			productName = LocationHistoryConsumerAppSupport;
		};
/* End XCSwiftPackageProductDependency section */
	};
	rootObject = 9E7516E12F69096F00E212A7 /* Project object */;
}
